// !$*UTF8*$!
{
	archiveVersion = 1;
	classes = {
	};
	objectVersion = 46;
	objects = {

/* Begin PBXBuildFile section */
		049AB6FE1C2A601A0060689D /* PFAssistive.framework in CopyFiles */ = {isa = PBXBuildFile; fileRef = 04BC55791C124C9500CAB753 /* PFAssistive.framework */; settings = {ATTRIBUTES = (CodeSignOnCopy, RemoveHeadersOnCopy, ); }; };
		04AB2D361BFECFFE005AB924 /* AppDelegate.swift in Sources */ = {isa = PBXBuildFile; fileRef = 04AB2D351BFECFFE005AB924 /* AppDelegate.swift */; };
		04AB2D381BFECFFE005AB924 /* ViewController.swift in Sources */ = {isa = PBXBuildFile; fileRef = 04AB2D371BFECFFE005AB924 /* ViewController.swift */; };
		04AB2D3A1BFECFFE005AB924 /* Assets.xcassets in Resources */ = {isa = PBXBuildFile; fileRef = 04AB2D391BFECFFE005AB924 /* Assets.xcassets */; };
		04AB2D3D1BFECFFE005AB924 /* Main.storyboard in Resources */ = {isa = PBXBuildFile; fileRef = 04AB2D3B1BFECFFE005AB924 /* Main.storyboard */; };
		04AB2D481BFECFFE005AB924 /* VoiceCode_MonitorTests.swift in Sources */ = {isa = PBXBuildFile; fileRef = 04AB2D471BFECFFE005AB924 /* VoiceCode_MonitorTests.swift */; };
		04AB2D531BFECFFE005AB924 /* VoiceCode_MonitorUITests.swift in Sources */ = {isa = PBXBuildFile; fileRef = 04AB2D521BFECFFE005AB924 /* VoiceCode_MonitorUITests.swift */; };
		04BC557A1C124C9500CAB753 /* PFAssistive.framework in Frameworks */ = {isa = PBXBuildFile; fileRef = 04BC55791C124C9500CAB753 /* PFAssistive.framework */; settings = {ATTRIBUTES = (Required, ); }; };
		04BC557B1C124C9500CAB753 /* PFAssistive.framework in Frameworks */ = {isa = PBXBuildFile; fileRef = 04BC55791C124C9500CAB753 /* PFAssistive.framework */; };
		18179EF4ECC42795E4718AEE /* Pods.framework in Frameworks */ = {isa = PBXBuildFile; fileRef = 9568008A754B0EA656576848 /* Pods.framework */; };
/* End PBXBuildFile section */

/* Begin PBXContainerItemProxy section */
		04AB2D441BFECFFE005AB924 /* PBXContainerItemProxy */ = {
			isa = PBXContainerItemProxy;
			containerPortal = 04AB2D2A1BFECFFE005AB924 /* Project object */;
			proxyType = 1;
			remoteGlobalIDString = 04AB2D311BFECFFE005AB924;
			remoteInfo = "VoiceCode Monitor";
		};
		04AB2D4F1BFECFFE005AB924 /* PBXContainerItemProxy */ = {
			isa = PBXContainerItemProxy;
			containerPortal = 04AB2D2A1BFECFFE005AB924 /* Project object */;
			proxyType = 1;
			remoteGlobalIDString = 04AB2D311BFECFFE005AB924;
			remoteInfo = "VoiceCode Monitor";
		};
/* End PBXContainerItemProxy section */

/* Begin PBXCopyFilesBuildPhase section */
		049AB6FD1C2A5FF00060689D /* CopyFiles */ = {
			isa = PBXCopyFilesBuildPhase;
			buildActionMask = 2147483647;
			dstPath = "";
			dstSubfolderSpec = 10;
			files = (
				049AB6FE1C2A601A0060689D /* PFAssistive.framework in CopyFiles */,
			);
			runOnlyForDeploymentPostprocessing = 0;
		};
/* End PBXCopyFilesBuildPhase section */

/* Begin PBXFileReference section */
		04AB2D321BFECFFE005AB924 /* Darwin Event Monitor.app */ = {isa = PBXFileReference; explicitFileType = wrapper.application; includeInIndex = 0; path = "Darwin Event Monitor.app"; sourceTree = BUILT_PRODUCTS_DIR; };
		04AB2D351BFECFFE005AB924 /* AppDelegate.swift */ = {isa = PBXFileReference; lastKnownFileType = sourcecode.swift; path = AppDelegate.swift; sourceTree = "<group>"; };
		04AB2D371BFECFFE005AB924 /* ViewController.swift */ = {isa = PBXFileReference; lastKnownFileType = sourcecode.swift; path = ViewController.swift; sourceTree = "<group>"; };
		04AB2D391BFECFFE005AB924 /* Assets.xcassets */ = {isa = PBXFileReference; lastKnownFileType = folder.assetcatalog; path = Assets.xcassets; sourceTree = "<group>"; };
		04AB2D3C1BFECFFE005AB924 /* Base */ = {isa = PBXFileReference; lastKnownFileType = file.storyboard; name = Base; path = Base.lproj/Main.storyboard; sourceTree = "<group>"; };
		04AB2D3E1BFECFFE005AB924 /* Info.plist */ = {isa = PBXFileReference; lastKnownFileType = text.plist.xml; path = Info.plist; sourceTree = "<group>"; };
		04AB2D431BFECFFE005AB924 /* Darwin Event Monitor.xctest */ = {isa = PBXFileReference; explicitFileType = wrapper.cfbundle; includeInIndex = 0; path = "Darwin Event Monitor.xctest"; sourceTree = BUILT_PRODUCTS_DIR; };
		04AB2D471BFECFFE005AB924 /* VoiceCode_MonitorTests.swift */ = {isa = PBXFileReference; lastKnownFileType = sourcecode.swift; path = VoiceCode_MonitorTests.swift; sourceTree = "<group>"; };
		04AB2D491BFECFFE005AB924 /* Info.plist */ = {isa = PBXFileReference; lastKnownFileType = text.plist.xml; path = Info.plist; sourceTree = "<group>"; };
		04AB2D4E1BFECFFE005AB924 /* Darwin Event Monitor.xctest */ = {isa = PBXFileReference; explicitFileType = wrapper.cfbundle; includeInIndex = 0; path = "Darwin Event Monitor.xctest"; sourceTree = BUILT_PRODUCTS_DIR; };
		04AB2D521BFECFFE005AB924 /* VoiceCode_MonitorUITests.swift */ = {isa = PBXFileReference; lastKnownFileType = sourcecode.swift; path = VoiceCode_MonitorUITests.swift; sourceTree = "<group>"; };
		04AB2D541BFECFFE005AB924 /* Info.plist */ = {isa = PBXFileReference; lastKnownFileType = text.plist.xml; path = Info.plist; sourceTree = "<group>"; };
		04BC55791C124C9500CAB753 /* PFAssistive.framework */ = {isa = PBXFileReference; lastKnownFileType = wrapper.framework; name = PFAssistive.framework; path = Frameworks/PFAssistive.framework; sourceTree = "<group>"; };
		04BC557C1C124DC100CAB753 /* DarwinEventMonitor-Bridging-Header.h */ = {isa = PBXFileReference; fileEncoding = 4; lastKnownFileType = sourcecode.c.h; path = "DarwinEventMonitor-Bridging-Header.h"; sourceTree = "<group>"; };
		37E92B471FF6751F71F7D0DE /* Pods.release.xcconfig */ = {isa = PBXFileReference; includeInIndex = 1; lastKnownFileType = text.xcconfig; name = Pods.release.xcconfig; path = "Pods/Target Support Files/Pods/Pods.release.xcconfig"; sourceTree = "<group>"; };
		77E374E6D55ADF41DBA90E31 /* Pods.debug.xcconfig */ = {isa = PBXFileReference; includeInIndex = 1; lastKnownFileType = text.xcconfig; name = Pods.debug.xcconfig; path = "Pods/Target Support Files/Pods/Pods.debug.xcconfig"; sourceTree = "<group>"; };
		9568008A754B0EA656576848 /* Pods.framework */ = {isa = PBXFileReference; explicitFileType = wrapper.framework; includeInIndex = 0; path = Pods.framework; sourceTree = BUILT_PRODUCTS_DIR; };
/* End PBXFileReference section */

/* Begin PBXFrameworksBuildPhase section */
		04AB2D2F1BFECFFE005AB924 /* Frameworks */ = {
			isa = PBXFrameworksBuildPhase;
			buildActionMask = 2147483647;
			files = (
				04BC557A1C124C9500CAB753 /* PFAssistive.framework in Frameworks */,
				18179EF4ECC42795E4718AEE /* Pods.framework in Frameworks */,
			);
			runOnlyForDeploymentPostprocessing = 0;
		};
		04AB2D401BFECFFE005AB924 /* Frameworks */ = {
			isa = PBXFrameworksBuildPhase;
			buildActionMask = 2147483647;
			files = (
				04BC557B1C124C9500CAB753 /* PFAssistive.framework in Frameworks */,
			);
			runOnlyForDeploymentPostprocessing = 0;
		};
		04AB2D4B1BFECFFE005AB924 /* Frameworks */ = {
			isa = PBXFrameworksBuildPhase;
			buildActionMask = 2147483647;
			files = (
			);
			runOnlyForDeploymentPostprocessing = 0;
		};
/* End PBXFrameworksBuildPhase section */

/* Begin PBXGroup section */
		04AB2D291BFECFFE005AB924 = {
			isa = PBXGroup;
			children = (
				04AB2D341BFECFFE005AB924 /* Darwin Event Monitor */,
				04AB2D461BFECFFE005AB924 /* Darwin Event Monitor Tests */,
				04AB2D511BFECFFE005AB924 /* Darwin Event MonitorUITests */,
				04AB2D331BFECFFE005AB924 /* Products */,
				F97B89CC00854055D3AFE770 /* Pods */,
				D19E223FD6DE2BF402750726 /* Frameworks */,
			);
			sourceTree = "<group>";
		};
		04AB2D331BFECFFE005AB924 /* Products */ = {
			isa = PBXGroup;
			children = (
				04AB2D321BFECFFE005AB924 /* Darwin Event Monitor.app */,
				04AB2D431BFECFFE005AB924 /* Darwin Event Monitor.xctest */,
				04AB2D4E1BFECFFE005AB924 /* Darwin Event Monitor.xctest */,
			);
			name = Products;
			sourceTree = "<group>";
		};
		04AB2D341BFECFFE005AB924 /* Darwin Event Monitor */ = {
			isa = PBXGroup;
			children = (
				04AB2D351BFECFFE005AB924 /* AppDelegate.swift */,
				04AB2D371BFECFFE005AB924 /* ViewController.swift */,
				04AB2D391BFECFFE005AB924 /* Assets.xcassets */,
				04AB2D3B1BFECFFE005AB924 /* Main.storyboard */,
				04AB2D3E1BFECFFE005AB924 /* Info.plist */,
				04BC557C1C124DC100CAB753 /* DarwinEventMonitor-Bridging-Header.h */,
			);
			name = "Darwin Event Monitor";
			path = "VoiceCode Monitor";
			sourceTree = "<group>";
		};
		04AB2D461BFECFFE005AB924 /* Darwin Event Monitor Tests */ = {
			isa = PBXGroup;
			children = (
				04AB2D471BFECFFE005AB924 /* VoiceCode_MonitorTests.swift */,
				04AB2D491BFECFFE005AB924 /* Info.plist */,
			);
			name = "Darwin Event Monitor Tests";
			path = "VoiceCode MonitorTests";
			sourceTree = "<group>";
		};
		04AB2D511BFECFFE005AB924 /* Darwin Event MonitorUITests */ = {
			isa = PBXGroup;
			children = (
				04AB2D521BFECFFE005AB924 /* VoiceCode_MonitorUITests.swift */,
				04AB2D541BFECFFE005AB924 /* Info.plist */,
			);
			name = "Darwin Event MonitorUITests";
			path = "VoiceCode MonitorUITests";
			sourceTree = "<group>";
		};
		D19E223FD6DE2BF402750726 /* Frameworks */ = {
			isa = PBXGroup;
			children = (
				04BC55791C124C9500CAB753 /* PFAssistive.framework */,
				9568008A754B0EA656576848 /* Pods.framework */,
			);
			name = Frameworks;
			sourceTree = "<group>";
		};
		F97B89CC00854055D3AFE770 /* Pods */ = {
			isa = PBXGroup;
			children = (
				77E374E6D55ADF41DBA90E31 /* Pods.debug.xcconfig */,
				37E92B471FF6751F71F7D0DE /* Pods.release.xcconfig */,
			);
			name = Pods;
			sourceTree = "<group>";
		};
/* End PBXGroup section */

/* Begin PBXNativeTarget section */
		04AB2D311BFECFFE005AB924 /* Darwin Event Monitor */ = {
			isa = PBXNativeTarget;
			buildConfigurationList = 04AB2D571BFECFFE005AB924 /* Build configuration list for PBXNativeTarget "Darwin Event Monitor" */;
			buildPhases = (
				198D2EBB3D93E01E9BE696C4 /* Check Pods Manifest.lock */,
				04AB2D2E1BFECFFE005AB924 /* Sources */,
				C0F20F67707B4A913BF26AC6 /* Embed Pods Frameworks */,
				47E4F2642A28686DDFE8E8D3 /* Copy Pods Resources */,
				049AB6FD1C2A5FF00060689D /* CopyFiles */,
				04AB2D301BFECFFE005AB924 /* Resources */,
				04AB2D2F1BFECFFE005AB924 /* Frameworks */,
			);
			buildRules = (
			);
			dependencies = (
			);
			name = "Darwin Event Monitor";
			productName = "VoiceCode Monitor";
			productReference = 04AB2D321BFECFFE005AB924 /* Darwin Event Monitor.app */;
			productType = "com.apple.product-type.application";
		};
		04AB2D421BFECFFE005AB924 /* Darwin Event MonitorTests */ = {
			isa = PBXNativeTarget;
			buildConfigurationList = 04AB2D5A1BFECFFE005AB924 /* Build configuration list for PBXNativeTarget "Darwin Event MonitorTests" */;
			buildPhases = (
				04AB2D3F1BFECFFE005AB924 /* Sources */,
				04AB2D401BFECFFE005AB924 /* Frameworks */,
				04AB2D411BFECFFE005AB924 /* Resources */,
			);
			buildRules = (
			);
			dependencies = (
				04AB2D451BFECFFE005AB924 /* PBXTargetDependency */,
			);
			name = "Darwin Event MonitorTests";
			productName = "VoiceCode MonitorTests";
			productReference = 04AB2D431BFECFFE005AB924 /* Darwin Event Monitor.xctest */;
			productType = "com.apple.product-type.bundle.unit-test";
		};
		04AB2D4D1BFECFFE005AB924 /* Darwin Event MonitorUITests */ = {
			isa = PBXNativeTarget;
			buildConfigurationList = 04AB2D5D1BFECFFE005AB924 /* Build configuration list for PBXNativeTarget "Darwin Event MonitorUITests" */;
			buildPhases = (
				04AB2D4A1BFECFFE005AB924 /* Sources */,
				04AB2D4B1BFECFFE005AB924 /* Frameworks */,
				04AB2D4C1BFECFFE005AB924 /* Resources */,
			);
			buildRules = (
			);
			dependencies = (
				04AB2D501BFECFFE005AB924 /* PBXTargetDependency */,
			);
			name = "Darwin Event MonitorUITests";
			productName = "VoiceCode MonitorUITests";
			productReference = 04AB2D4E1BFECFFE005AB924 /* Darwin Event Monitor.xctest */;
			productType = "com.apple.product-type.bundle.ui-testing";
		};
/* End PBXNativeTarget section */

/* Begin PBXProject section */
		04AB2D2A1BFECFFE005AB924 /* Project object */ = {
			isa = PBXProject;
			attributes = {
				LastSwiftUpdateCheck = 0710;
				LastUpgradeCheck = 0710;
				ORGANIZATIONNAME = VoiceCode;
				TargetAttributes = {
					04AB2D311BFECFFE005AB924 = {
						CreatedOnToolsVersion = 7.1;
					};
					04AB2D421BFECFFE005AB924 = {
						CreatedOnToolsVersion = 7.1;
						TestTargetID = 04AB2D311BFECFFE005AB924;
					};
					04AB2D4D1BFECFFE005AB924 = {
						CreatedOnToolsVersion = 7.1;
						TestTargetID = 04AB2D311BFECFFE005AB924;
					};
				};
			};
			buildConfigurationList = 04AB2D2D1BFECFFE005AB924 /* Build configuration list for PBXProject "Darwin Event Monitor" */;
			compatibilityVersion = "Xcode 3.2";
			developmentRegion = English;
			hasScannedForEncodings = 0;
			knownRegions = (
				en,
				Base,
			);
			mainGroup = 04AB2D291BFECFFE005AB924;
			productRefGroup = 04AB2D331BFECFFE005AB924 /* Products */;
			projectDirPath = "";
			projectRoot = "";
			targets = (
				04AB2D311BFECFFE005AB924 /* Darwin Event Monitor */,
				04AB2D421BFECFFE005AB924 /* Darwin Event MonitorTests */,
				04AB2D4D1BFECFFE005AB924 /* Darwin Event MonitorUITests */,
			);
		};
/* End PBXProject section */

/* Begin PBXResourcesBuildPhase section */
		04AB2D301BFECFFE005AB924 /* Resources */ = {
			isa = PBXResourcesBuildPhase;
			buildActionMask = 2147483647;
			files = (
				04AB2D3A1BFECFFE005AB924 /* Assets.xcassets in Resources */,
				04AB2D3D1BFECFFE005AB924 /* Main.storyboard in Resources */,
			);
			runOnlyForDeploymentPostprocessing = 0;
		};
		04AB2D411BFECFFE005AB924 /* Resources */ = {
			isa = PBXResourcesBuildPhase;
			buildActionMask = 2147483647;
			files = (
			);
			runOnlyForDeploymentPostprocessing = 0;
		};
		04AB2D4C1BFECFFE005AB924 /* Resources */ = {
			isa = PBXResourcesBuildPhase;
			buildActionMask = 2147483647;
			files = (
			);
			runOnlyForDeploymentPostprocessing = 0;
		};
/* End PBXResourcesBuildPhase section */

/* Begin PBXShellScriptBuildPhase section */
		198D2EBB3D93E01E9BE696C4 /* Check Pods Manifest.lock */ = {
			isa = PBXShellScriptBuildPhase;
			buildActionMask = 2147483647;
			files = (
			);
			inputPaths = (
			);
			name = "Check Pods Manifest.lock";
			outputPaths = (
			);
			runOnlyForDeploymentPostprocessing = 0;
			shellPath = /bin/sh;
			shellScript = "diff \"${PODS_ROOT}/../Podfile.lock\" \"${PODS_ROOT}/Manifest.lock\" > /dev/null\nif [[ $? != 0 ]] ; then\n    cat << EOM\nerror: The sandbox is not in sync with the Podfile.lock. Run 'pod install' or update your CocoaPods installation.\nEOM\n    exit 1\nfi\n";
			showEnvVarsInLog = 0;
		};
		47E4F2642A28686DDFE8E8D3 /* Copy Pods Resources */ = {
			isa = PBXShellScriptBuildPhase;
			buildActionMask = 2147483647;
			files = (
			);
			inputPaths = (
			);
			name = "Copy Pods Resources";
			outputPaths = (
			);
			runOnlyForDeploymentPostprocessing = 0;
			shellPath = /bin/sh;
			shellScript = "\"${SRCROOT}/Pods/Target Support Files/Pods/Pods-resources.sh\"\n";
			showEnvVarsInLog = 0;
		};
		C0F20F67707B4A913BF26AC6 /* Embed Pods Frameworks */ = {
			isa = PBXShellScriptBuildPhase;
			buildActionMask = 2147483647;
			files = (
			);
			inputPaths = (
			);
			name = "Embed Pods Frameworks";
			outputPaths = (
			);
			runOnlyForDeploymentPostprocessing = 0;
			shellPath = /bin/sh;
			shellScript = "\"${SRCROOT}/Pods/Target Support Files/Pods/Pods-frameworks.sh\"\n";
			showEnvVarsInLog = 0;
		};
/* End PBXShellScriptBuildPhase section */

/* Begin PBXSourcesBuildPhase section */
		04AB2D2E1BFECFFE005AB924 /* Sources */ = {
			isa = PBXSourcesBuildPhase;
			buildActionMask = 2147483647;
			files = (
				04AB2D381BFECFFE005AB924 /* ViewController.swift in Sources */,
				04AB2D361BFECFFE005AB924 /* AppDelegate.swift in Sources */,
			);
			runOnlyForDeploymentPostprocessing = 0;
		};
		04AB2D3F1BFECFFE005AB924 /* Sources */ = {
			isa = PBXSourcesBuildPhase;
			buildActionMask = 2147483647;
			files = (
				04AB2D481BFECFFE005AB924 /* VoiceCode_MonitorTests.swift in Sources */,
			);
			runOnlyForDeploymentPostprocessing = 0;
		};
		04AB2D4A1BFECFFE005AB924 /* Sources */ = {
			isa = PBXSourcesBuildPhase;
			buildActionMask = 2147483647;
			files = (
				04AB2D531BFECFFE005AB924 /* VoiceCode_MonitorUITests.swift in Sources */,
			);
			runOnlyForDeploymentPostprocessing = 0;
		};
/* End PBXSourcesBuildPhase section */

/* Begin PBXTargetDependency section */
		04AB2D451BFECFFE005AB924 /* PBXTargetDependency */ = {
			isa = PBXTargetDependency;
			target = 04AB2D311BFECFFE005AB924 /* Darwin Event Monitor */;
			targetProxy = 04AB2D441BFECFFE005AB924 /* PBXContainerItemProxy */;
		};
		04AB2D501BFECFFE005AB924 /* PBXTargetDependency */ = {
			isa = PBXTargetDependency;
			target = 04AB2D311BFECFFE005AB924 /* Darwin Event Monitor */;
			targetProxy = 04AB2D4F1BFECFFE005AB924 /* PBXContainerItemProxy */;
		};
/* End PBXTargetDependency section */

/* Begin PBXVariantGroup section */
		04AB2D3B1BFECFFE005AB924 /* Main.storyboard */ = {
			isa = PBXVariantGroup;
			children = (
				04AB2D3C1BFECFFE005AB924 /* Base */,
			);
			name = Main.storyboard;
			sourceTree = "<group>";
		};
/* End PBXVariantGroup section */

/* Begin XCBuildConfiguration section */
		04AB2D551BFECFFE005AB924 /* Debug */ = {
			isa = XCBuildConfiguration;
			buildSettings = {
				ALWAYS_SEARCH_USER_PATHS = NO;
				CLANG_CXX_LANGUAGE_STANDARD = "gnu++0x";
				CLANG_CXX_LIBRARY = "libc++";
				CLANG_ENABLE_MODULES = YES;
				CLANG_ENABLE_OBJC_ARC = YES;
				CLANG_WARN_BOOL_CONVERSION = YES;
				CLANG_WARN_CONSTANT_CONVERSION = YES;
				CLANG_WARN_DIRECT_OBJC_ISA_USAGE = YES_ERROR;
				CLANG_WARN_EMPTY_BODY = YES;
				CLANG_WARN_ENUM_CONVERSION = YES;
				CLANG_WARN_INT_CONVERSION = YES;
				CLANG_WARN_OBJC_ROOT_CLASS = YES_ERROR;
				CLANG_WARN_UNREACHABLE_CODE = YES;
				CLANG_WARN__DUPLICATE_METHOD_MATCH = YES;
				CODE_SIGN_IDENTITY = "-";
				COPY_PHASE_STRIP = NO;
				DEBUG_INFORMATION_FORMAT = dwarf;
				ENABLE_STRICT_OBJC_MSGSEND = YES;
				ENABLE_TESTABILITY = YES;
				GCC_C_LANGUAGE_STANDARD = gnu99;
				GCC_DYNAMIC_NO_PIC = NO;
				GCC_NO_COMMON_BLOCKS = YES;
				GCC_OPTIMIZATION_LEVEL = 0;
				GCC_PREPROCESSOR_DEFINITIONS = (
					"DEBUG=1",
					"$(inherited)",
				);
				GCC_WARN_64_TO_32_BIT_CONVERSION = YES;
				GCC_WARN_ABOUT_RETURN_TYPE = YES_ERROR;
				GCC_WARN_UNDECLARED_SELECTOR = YES;
				GCC_WARN_UNINITIALIZED_AUTOS = YES_AGGRESSIVE;
				GCC_WARN_UNUSED_FUNCTION = YES;
				GCC_WARN_UNUSED_VARIABLE = YES;
				MACOSX_DEPLOYMENT_TARGET = 10.10;
				MTL_ENABLE_DEBUG_INFO = YES;
				ONLY_ACTIVE_ARCH = YES;
				SDKROOT = macosx;
				SWIFT_OPTIMIZATION_LEVEL = "-Onone";
			};
			name = Debug;
		};
		04AB2D561BFECFFE005AB924 /* Release */ = {
			isa = XCBuildConfiguration;
			buildSettings = {
				ALWAYS_SEARCH_USER_PATHS = NO;
				CLANG_CXX_LANGUAGE_STANDARD = "gnu++0x";
				CLANG_CXX_LIBRARY = "libc++";
				CLANG_ENABLE_MODULES = YES;
				CLANG_ENABLE_OBJC_ARC = YES;
				CLANG_WARN_BOOL_CONVERSION = YES;
				CLANG_WARN_CONSTANT_CONVERSION = YES;
				CLANG_WARN_DIRECT_OBJC_ISA_USAGE = YES_ERROR;
				CLANG_WARN_EMPTY_BODY = YES;
				CLANG_WARN_ENUM_CONVERSION = YES;
				CLANG_WARN_INT_CONVERSION = YES;
				CLANG_WARN_OBJC_ROOT_CLASS = YES_ERROR;
				CLANG_WARN_UNREACHABLE_CODE = YES;
				CLANG_WARN__DUPLICATE_METHOD_MATCH = YES;
				CODE_SIGN_IDENTITY = "-";
				COPY_PHASE_STRIP = NO;
				DEBUG_INFORMATION_FORMAT = "dwarf-with-dsym";
				ENABLE_NS_ASSERTIONS = NO;
				ENABLE_STRICT_OBJC_MSGSEND = YES;
				GCC_C_LANGUAGE_STANDARD = gnu99;
				GCC_NO_COMMON_BLOCKS = YES;
				GCC_WARN_64_TO_32_BIT_CONVERSION = YES;
				GCC_WARN_ABOUT_RETURN_TYPE = YES_ERROR;
				GCC_WARN_UNDECLARED_SELECTOR = YES;
				GCC_WARN_UNINITIALIZED_AUTOS = YES_AGGRESSIVE;
				GCC_WARN_UNUSED_FUNCTION = YES;
				GCC_WARN_UNUSED_VARIABLE = YES;
				MACOSX_DEPLOYMENT_TARGET = 10.10;
				MTL_ENABLE_DEBUG_INFO = NO;
				SDKROOT = macosx;
			};
			name = Release;
		};
		04AB2D581BFECFFE005AB924 /* Debug */ = {
			isa = XCBuildConfiguration;
			baseConfigurationReference = 77E374E6D55ADF41DBA90E31 /* Pods.debug.xcconfig */;
			buildSettings = {
				ASSETCATALOG_COMPILER_APPICON_NAME = AppIcon;
				CLANG_ALLOW_NON_MODULAR_INCLUDES_IN_FRAMEWORK_MODULES = YES;
				COMBINE_HIDPI_IMAGES = YES;
				FRAMEWORK_SEARCH_PATHS = (
					"$(inherited)",
					"$(LOCAL_LIBRARY_DIR)/Frameworks",
					"$(PROJECT_DIR)",
					"$(PROJECT_DIR)/Frameworks",
				);
				HEADER_SEARCH_PATHS = "$(PROJECT_DIR)/Frameworks/PFAssistive.framework/Headers";
				INFOPLIST_FILE = "VoiceCode Monitor/Info.plist";
				LD_RUNPATH_SEARCH_PATHS = "$(inherited) @executable_path/../Frameworks";
				PRODUCT_BUNDLE_IDENTIFIER = "io.voicecode.darwin-monitor";
				PRODUCT_NAME = "Darwin Event Monitor";
				SWIFT_OBJC_BRIDGING_HEADER = "VoiceCode Monitor/DarwinEventMonitor-Bridging-Header.h";
			};
			name = Debug;
		};
		04AB2D591BFECFFE005AB924 /* Release */ = {
			isa = XCBuildConfiguration;
			baseConfigurationReference = 37E92B471FF6751F71F7D0DE /* Pods.release.xcconfig */;
			buildSettings = {
				ASSETCATALOG_COMPILER_APPICON_NAME = AppIcon;
				CLANG_ALLOW_NON_MODULAR_INCLUDES_IN_FRAMEWORK_MODULES = YES;
				COMBINE_HIDPI_IMAGES = YES;
				FRAMEWORK_SEARCH_PATHS = (
					"$(inherited)",
					"$(LOCAL_LIBRARY_DIR)/Frameworks",
					"$(PROJECT_DIR)",
					"$(PROJECT_DIR)/Frameworks",
				);
				HEADER_SEARCH_PATHS = "$(PROJECT_DIR)/Frameworks/PFAssistive.framework/Headers";
				INFOPLIST_FILE = "VoiceCode Monitor/Info.plist";
				LD_RUNPATH_SEARCH_PATHS = "$(inherited) @executable_path/../Frameworks";
				PRODUCT_BUNDLE_IDENTIFIER = "io.voicecode.darwin-monitor";
				PRODUCT_NAME = "Darwin Event Monitor";
				SWIFT_OBJC_BRIDGING_HEADER = "VoiceCode Monitor/DarwinEventMonitor-Bridging-Header.h";
			};
			name = Release;
		};
		04AB2D5B1BFECFFE005AB924 /* Debug */ = {
			isa = XCBuildConfiguration;
			buildSettings = {
				BUNDLE_LOADER = "$(TEST_HOST)";
				COMBINE_HIDPI_IMAGES = YES;
				FRAMEWORK_SEARCH_PATHS = (
					"$(inherited)",
					"$(PROJECT_DIR)/Frameworks",
				);
				INFOPLIST_FILE = "VoiceCode MonitorTests/Info.plist";
				LD_RUNPATH_SEARCH_PATHS = "$(inherited) @executable_path/../Frameworks @loader_path/../Frameworks";
				PRODUCT_BUNDLE_IDENTIFIER = "voicecode.io.VoiceCode-MonitorTests";
				PRODUCT_NAME = "Darwin Event Monitor";
				TEST_HOST = "$(BUILT_PRODUCTS_DIR)/Darwin Event Monitor.app/Contents/MacOS/Darwin Event Monitor";
			};
			name = Debug;
		};
		04AB2D5C1BFECFFE005AB924 /* Release */ = {
			isa = XCBuildConfiguration;
			buildSettings = {
				BUNDLE_LOADER = "$(TEST_HOST)";
				COMBINE_HIDPI_IMAGES = YES;
				FRAMEWORK_SEARCH_PATHS = (
					"$(inherited)",
					"$(PROJECT_DIR)/Frameworks",
				);
				INFOPLIST_FILE = "VoiceCode MonitorTests/Info.plist";
				LD_RUNPATH_SEARCH_PATHS = "$(inherited) @executable_path/../Frameworks @loader_path/../Frameworks";
				PRODUCT_BUNDLE_IDENTIFIER = "voicecode.io.VoiceCode-MonitorTests";
				PRODUCT_NAME = "Darwin Event Monitor";
				TEST_HOST = "$(BUILT_PRODUCTS_DIR)/Darwin Event Monitor.app/Contents/MacOS/Darwin Event Monitor";
			};
			name = Release;
		};
		04AB2D5E1BFECFFE005AB924 /* Debug */ = {
			isa = XCBuildConfiguration;
			buildSettings = {
				COMBINE_HIDPI_IMAGES = YES;
				INFOPLIST_FILE = "VoiceCode MonitorUITests/Info.plist";
				LD_RUNPATH_SEARCH_PATHS = "$(inherited) @executable_path/../Frameworks @loader_path/../Frameworks";
				PRODUCT_BUNDLE_IDENTIFIER = "voicecode.io.VoiceCode-MonitorUITests";
				PRODUCT_NAME = "Darwin Event Monitor";
				TEST_TARGET_NAME = "VoiceCode Monitor";
				USES_XCTRUNNER = YES;
			};
			name = Debug;
		};
		04AB2D5F1BFECFFE005AB924 /* Release */ = {
			isa = XCBuildConfiguration;
			buildSettings = {
				COMBINE_HIDPI_IMAGES = YES;
				INFOPLIST_FILE = "VoiceCode MonitorUITests/Info.plist";
				LD_RUNPATH_SEARCH_PATHS = "$(inherited) @executable_path/../Frameworks @loader_path/../Frameworks";
				PRODUCT_BUNDLE_IDENTIFIER = "voicecode.io.VoiceCode-MonitorUITests";
				PRODUCT_NAME = "Darwin Event Monitor";
				TEST_TARGET_NAME = "VoiceCode Monitor";
				USES_XCTRUNNER = YES;
			};
			name = Release;
		};
/* End XCBuildConfiguration section */

/* Begin XCConfigurationList section */
		04AB2D2D1BFECFFE005AB924 /* Build configuration list for PBXProject "Darwin Event Monitor" */ = {
			isa = XCConfigurationList;
			buildConfigurations = (
				04AB2D551BFECFFE005AB924 /* Debug */,
				04AB2D561BFECFFE005AB924 /* Release */,
			);
			defaultConfigurationIsVisible = 0;
			defaultConfigurationName = Release;
		};
		04AB2D571BFECFFE005AB924 /* Build configuration list for PBXNativeTarget "Darwin Event Monitor" */ = {
			isa = XCConfigurationList;
			buildConfigurations = (
				04AB2D581BFECFFE005AB924 /* Debug */,
				04AB2D591BFECFFE005AB924 /* Release */,
			);
			defaultConfigurationIsVisible = 0;
			defaultConfigurationName = Release;
		};
		04AB2D5A1BFECFFE005AB924 /* Build configuration list for PBXNativeTarget "Darwin Event MonitorTests" */ = {
			isa = XCConfigurationList;
			buildConfigurations = (
				04AB2D5B1BFECFFE005AB924 /* Debug */,
				04AB2D5C1BFECFFE005AB924 /* Release */,
			);
			defaultConfigurationIsVisible = 0;
			defaultConfigurationName = Release;
		};
		04AB2D5D1BFECFFE005AB924 /* Build configuration list for PBXNativeTarget "Darwin Event MonitorUITests" */ = {
			isa = XCConfigurationList;
			buildConfigurations = (
				04AB2D5E1BFECFFE005AB924 /* Debug */,
				04AB2D5F1BFECFFE005AB924 /* Release */,
			);
			defaultConfigurationIsVisible = 0;
			defaultConfigurationName = Release;
		};
/* End XCConfigurationList section */
	};
	rootObject = 04AB2D2A1BFECFFE005AB924 /* Project object */;
}
